Microsoft Visual Studio Solution File, Format Version 12.00
# Visual Studio 2012
Project("{FAE04EC0-301F-11D3-BF4B-00C04F79EFBC}") = "MyFirstGameJamSummer2022", "MyFirstGameJamSummer2022.csproj", "{DCCAA9E5-0D86-449E-8914-D3987730D9AA}"
EndProject
Global
	GlobalSection(SolutionConfigurationPlatforms) = preSolution
	Debug|Any CPU = Debug|Any CPU
	ExportDebug|Any CPU = ExportDebug|Any CPU
	ExportRelease|Any CPU = ExportRelease|Any CPU
	EndGlobalSection
	GlobalSection(ProjectConfigurationPlatforms) = postSolution
		{DCCAA9E5-0D86-449E-8914-D3987730D9AA}.Debug|Any CPU.ActiveCfg = Debug|Any CPU
		{DCCAA9E5-0D86-449E-8914-D3987730D9AA}.Debug|Any CPU.Build.0 = Debug|Any CPU
		{DCCAA9E5-0D86-449E-8914-D3987730D9AA}.ExportDebug|Any CPU.ActiveCfg = ExportDebug|Any CPU
		{DCCAA9E5-0D86-449E-8914-D3987730D9AA}.ExportDebug|Any CPU.Build.0 = ExportDebug|Any CPU
		{DCCAA9E5-0D86-449E-8914-D3987730D9AA}.ExportRelease|Any CPU.ActiveCfg = ExportRelease|Any CPU
		{DCCAA9E5-0D86-449E-8914-D3987730D9AA}.ExportRelease|Any CPU.Build.0 = ExportRelease|Any CPU
	EndGlobalSection
EndGlobal
